// !$*UTF8*$!
{
	archiveVersion = 1;
	classes = {
	};
	objectVersion = 50;
	objects = {

/* Begin PBXBuildFile section */
		816EA9DB2399A5C6000E2D87 /* Logger.swift in Sources */ = {isa = PBXBuildFile; fileRef = 816EA9DA2399A5C6000E2D87 /* Logger.swift */; };
		816EA9DD2399BB1A000E2D87 /* RegisterBundleId.swift in Sources */ = {isa = PBXBuildFile; fileRef = 816EA9DC2399BB1A000E2D87 /* RegisterBundleId.swift */; };
		81B7AF2A239ABC1E008D8D51 /* RegisterDevice.swift in Sources */ = {isa = PBXBuildFile; fileRef = 81B7AF29239ABC1E008D8D51 /* RegisterDevice.swift */; };
		81B7AF2C239AE8DF008D8D51 /* UpdateProvisioningProfile.swift in Sources */ = {isa = PBXBuildFile; fileRef = 81B7AF2B239AE8DF008D8D51 /* UpdateProvisioningProfile.swift */; };
		81B7AF2E239B1661008D8D51 /* DownloadProvisioningProfiles.swift in Sources */ = {isa = PBXBuildFile; fileRef = 81B7AF2D239B1661008D8D51 /* DownloadProvisioningProfiles.swift */; };
		81BB91EF2396DB9300EED6B7 /* main.swift in Sources */ = {isa = PBXBuildFile; fileRef = 81BB91EE2396DB9300EED6B7 /* main.swift */; };
		81C0A0AB23A1953D005B3D68 /* AltSign.framework in Frameworks */ = {isa = PBXBuildFile; fileRef = 81C0A0A623A19519005B3D68 /* AltSign.framework */; };
		81C0A0AC23A1953D005B3D68 /* AltSign.framework in Embed Frameworks */ = {isa = PBXBuildFile; fileRef = 81C0A0A623A19519005B3D68 /* AltSign.framework */; settings = {ATTRIBUTES = (RemoveHeadersOnCopy, ); }; };
		81D2959B23B14C03005B8444 /* ResignApp.swift in Sources */ = {isa = PBXBuildFile; fileRef = 81D2959A23B14C03005B8444 /* ResignApp.swift */; };
		81FACCDF239948BF00C15308 /* API.swift in Sources */ = {isa = PBXBuildFile; fileRef = 81FACCD4239948BF00C15308 /* API.swift */; };
		81FACCE0239948BF00C15308 /* CreateCertificate.swift in Sources */ = {isa = PBXBuildFile; fileRef = 81FACCD9239948BF00C15308 /* CreateCertificate.swift */; };
		81FACCE1239948BF00C15308 /* Authenticator.swift in Sources */ = {isa = PBXBuildFile; fileRef = 81FACCDB239948BF00C15308 /* Authenticator.swift */; };
		81FACCE2239948BF00C15308 /* Utils.swift in Sources */ = {isa = PBXBuildFile; fileRef = 81FACCDC239948BF00C15308 /* Utils.swift */; };
		81FACCE3239948BF00C15308 /* CLI.swift in Sources */ = {isa = PBXBuildFile; fileRef = 81FACCDD239948BF00C15308 /* CLI.swift */; };
		81FACCE4239948BF00C15308 /* Errors.swift in Sources */ = {isa = PBXBuildFile; fileRef = 81FACCDE239948BF00C15308 /* Errors.swift */; };
/* End PBXBuildFile section */

/* Begin PBXContainerItemProxy section */
		81B7AF18239A8826008D8D51 /* PBXContainerItemProxy */ = {
			isa = PBXContainerItemProxy;
			containerPortal = 81B7AF12239A8826008D8D51 /* CookMailPlugin.xcodeproj */;
			proxyType = 2;
			remoteGlobalIDString = 619F2CB61D8BDEF400BC8A84;
			remoteInfo = CookMailPlugin;
		};
		81C0A0A123A19519005B3D68 /* PBXContainerItemProxy */ = {
			isa = PBXContainerItemProxy;
			containerPortal = 81C0A09A23A19519005B3D68 /* AltSign.xcodeproj */;
			proxyType = 2;
			remoteGlobalIDString = BF5AB3992285FDB200DC914B;
			remoteInfo = AltSign;
		};
		81C0A0A323A19519005B3D68 /* PBXContainerItemProxy */ = {
			isa = PBXContainerItemProxy;
			containerPortal = 81C0A09A23A19519005B3D68 /* AltSign.xcodeproj */;
			proxyType = 2;
			remoteGlobalIDString = BFBAC8AA2295ED1900587369;
			remoteInfo = ldid;
		};
		81C0A0A523A19519005B3D68 /* PBXContainerItemProxy */ = {
			isa = PBXContainerItemProxy;
			containerPortal = 81C0A09A23A19519005B3D68 /* AltSign.xcodeproj */;
			proxyType = 2;
			remoteGlobalIDString = BF9B639E229DCF3A002F0A62;
			remoteInfo = "AltSign-macOS";
		};
		81C0A0AD23A1954B005B3D68 /* PBXContainerItemProxy */ = {
			isa = PBXContainerItemProxy;
			containerPortal = 81C0A09A23A19519005B3D68 /* AltSign.xcodeproj */;
			proxyType = 1;
			remoteGlobalIDString = BF9B6378229DCF3A002F0A62;
			remoteInfo = "AltSign-macOS";
		};
/* End PBXContainerItemProxy section */

/* Begin PBXCopyFilesBuildPhase section */
		81BB91E92396DB9300EED6B7 /* CopyFiles */ = {
			isa = PBXCopyFilesBuildPhase;
			buildActionMask = 12;
			dstPath = "";
			dstSubfolderSpec = 0;
			files = (
			);
			runOnlyForDeploymentPostprocessing = 0;
		};
		81BB92062396E5A000EED6B7 /* Embed Frameworks */ = {
			isa = PBXCopyFilesBuildPhase;
			buildActionMask = 2147483647;
			dstPath = "";
			dstSubfolderSpec = 10;
			files = (
				81C0A0AC23A1953D005B3D68 /* AltSign.framework in Embed Frameworks */,
			);
			name = "Embed Frameworks";
			runOnlyForDeploymentPostprocessing = 0;
		};
/* End PBXCopyFilesBuildPhase section */

/* Begin PBXFileReference section */
		816EA9DA2399A5C6000E2D87 /* Logger.swift */ = {isa = PBXFileReference; lastKnownFileType = sourcecode.swift; path = Logger.swift; sourceTree = "<group>"; };
		816EA9DC2399BB1A000E2D87 /* RegisterBundleId.swift */ = {isa = PBXFileReference; lastKnownFileType = sourcecode.swift; path = RegisterBundleId.swift; sourceTree = "<group>"; };
		81B7AF12239A8826008D8D51 /* CookMailPlugin.xcodeproj */ = {isa = PBXFileReference; lastKnownFileType = "wrapper.pb-project"; name = CookMailPlugin.xcodeproj; path = CookMailPlugin/CookMailPlugin.xcodeproj; sourceTree = "<group>"; };
		81B7AF29239ABC1E008D8D51 /* RegisterDevice.swift */ = {isa = PBXFileReference; lastKnownFileType = sourcecode.swift; path = RegisterDevice.swift; sourceTree = "<group>"; };
		81B7AF2B239AE8DF008D8D51 /* UpdateProvisioningProfile.swift */ = {isa = PBXFileReference; lastKnownFileType = sourcecode.swift; path = UpdateProvisioningProfile.swift; sourceTree = "<group>"; };
		81B7AF2D239B1661008D8D51 /* DownloadProvisioningProfiles.swift */ = {isa = PBXFileReference; lastKnownFileType = sourcecode.swift; path = DownloadProvisioningProfiles.swift; sourceTree = "<group>"; };
		81BB91EB2396DB9300EED6B7 /* cook */ = {isa = PBXFileReference; explicitFileType = "compiled.mach-o.executable"; includeInIndex = 0; path = cook; sourceTree = BUILT_PRODUCTS_DIR; };
		81BB91EE2396DB9300EED6B7 /* main.swift */ = {isa = PBXFileReference; lastKnownFileType = sourcecode.swift; path = main.swift; sourceTree = "<group>"; };
		81BB92092396E63900EED6B7 /* cook.entitlements */ = {isa = PBXFileReference; lastKnownFileType = text.plist.entitlements; path = cook.entitlements; sourceTree = "<group>"; };
		81C0A09A23A19519005B3D68 /* AltSign.xcodeproj */ = {isa = PBXFileReference; lastKnownFileType = "wrapper.pb-project"; name = AltSign.xcodeproj; path = AltSign/AltSign.xcodeproj; sourceTree = "<group>"; };
		81D2959A23B14C03005B8444 /* ResignApp.swift */ = {isa = PBXFileReference; lastKnownFileType = sourcecode.swift; path = ResignApp.swift; sourceTree = "<group>"; };
		81FACCD4239948BF00C15308 /* API.swift */ = {isa = PBXFileReference; fileEncoding = 4; lastKnownFileType = sourcecode.swift; name = API.swift; path = ../API/API.swift; sourceTree = "<group>"; };
		81FACCD9239948BF00C15308 /* CreateCertificate.swift */ = {isa = PBXFileReference; fileEncoding = 4; lastKnownFileType = sourcecode.swift; path = CreateCertificate.swift; sourceTree = "<group>"; };
		81FACCDB239948BF00C15308 /* Authenticator.swift */ = {isa = PBXFileReference; fileEncoding = 4; lastKnownFileType = sourcecode.swift; path = Authenticator.swift; sourceTree = "<group>"; };
		81FACCDC239948BF00C15308 /* Utils.swift */ = {isa = PBXFileReference; fileEncoding = 4; lastKnownFileType = sourcecode.swift; path = Utils.swift; sourceTree = "<group>"; };
		81FACCDD239948BF00C15308 /* CLI.swift */ = {isa = PBXFileReference; fileEncoding = 4; lastKnownFileType = sourcecode.swift; path = CLI.swift; sourceTree = "<group>"; };
		81FACCDE239948BF00C15308 /* Errors.swift */ = {isa = PBXFileReference; fileEncoding = 4; lastKnownFileType = sourcecode.swift; path = Errors.swift; sourceTree = "<group>"; };
/* End PBXFileReference section */

/* Begin PBXFrameworksBuildPhase section */
		81BB91E82396DB9300EED6B7 /* Frameworks */ = {
			isa = PBXFrameworksBuildPhase;
			buildActionMask = 2147483647;
			files = (
				81C0A0AB23A1953D005B3D68 /* AltSign.framework in Frameworks */,
			);
			runOnlyForDeploymentPostprocessing = 0;
		};
/* End PBXFrameworksBuildPhase section */

/* Begin PBXGroup section */
		81B7AF13239A8826008D8D51 /* Products */ = {
			isa = PBXGroup;
			children = (
				81B7AF19239A8826008D8D51 /* CookMailPlugin.mailbundle */,
			);
			name = Products;
			sourceTree = "<group>";
		};
		81BB91E22396DB9300EED6B7 = {
			isa = PBXGroup;
			children = (
				81C0A09A23A19519005B3D68 /* AltSign.xcodeproj */,
				81B7AF12239A8826008D8D51 /* CookMailPlugin.xcodeproj */,
				81BB91ED2396DB9300EED6B7 /* cook */,
				81BB91EC2396DB9300EED6B7 /* Products */,
				81BB92032396E5A000EED6B7 /* Frameworks */,
			);
			sourceTree = "<group>";
		};
		81BB91EC2396DB9300EED6B7 /* Products */ = {
			isa = PBXGroup;
			children = (
				81BB91EB2396DB9300EED6B7 /* cook */,
			);
			name = Products;
			sourceTree = "<group>";
		};
		81BB91ED2396DB9300EED6B7 /* cook */ = {
			isa = PBXGroup;
			children = (
				81BB92092396E63900EED6B7 /* cook.entitlements */,
				81FACCD8239948BF00C15308 /* Recipes */,
				81FACCDA239948BF00C15308 /* Stuff */,
				81BB91EE2396DB9300EED6B7 /* main.swift */,
			);
			path = cook;
			sourceTree = "<group>";
		};
		81BB92032396E5A000EED6B7 /* Frameworks */ = {
			isa = PBXGroup;
			children = (
			);
			name = Frameworks;
			sourceTree = "<group>";
		};
		81C0A09B23A19519005B3D68 /* Products */ = {
			isa = PBXGroup;
			children = (
				81C0A0A223A19519005B3D68 /* AltSign.framework */,
				81C0A0A423A19519005B3D68 /* libldid.a */,
				81C0A0A623A19519005B3D68 /* AltSign.framework */,
			);
			name = Products;
			sourceTree = "<group>";
		};
		81FACCD8239948BF00C15308 /* Recipes */ = {
			isa = PBXGroup;
			children = (
				81FACCD9239948BF00C15308 /* CreateCertificate.swift */,
				816EA9DC2399BB1A000E2D87 /* RegisterBundleId.swift */,
				81B7AF29239ABC1E008D8D51 /* RegisterDevice.swift */,
				81B7AF2B239AE8DF008D8D51 /* UpdateProvisioningProfile.swift */,
				81B7AF2D239B1661008D8D51 /* DownloadProvisioningProfiles.swift */,
				81D2959A23B14C03005B8444 /* ResignApp.swift */,
			);
			path = Recipes;
			sourceTree = "<group>";
		};
		81FACCDA239948BF00C15308 /* Stuff */ = {
			isa = PBXGroup;
			children = (
				81FACCD4239948BF00C15308 /* API.swift */,
				81FACCDB239948BF00C15308 /* Authenticator.swift */,
				81FACCDC239948BF00C15308 /* Utils.swift */,
				81FACCDD239948BF00C15308 /* CLI.swift */,
				81FACCDE239948BF00C15308 /* Errors.swift */,
				816EA9DA2399A5C6000E2D87 /* Logger.swift */,
			);
			path = Stuff;
			sourceTree = "<group>";
		};
/* End PBXGroup section */

/* Begin PBXNativeTarget section */
		81BB91EA2396DB9300EED6B7 /* cook */ = {
			isa = PBXNativeTarget;
			buildConfigurationList = 81BB91F22396DB9300EED6B7 /* Build configuration list for PBXNativeTarget "cook" */;
			buildPhases = (
				81BB91E72396DB9300EED6B7 /* Sources */,
				81BB91E82396DB9300EED6B7 /* Frameworks */,
				81BB91E92396DB9300EED6B7 /* CopyFiles */,
				81BB92062396E5A000EED6B7 /* Embed Frameworks */,
			);
			buildRules = (
			);
			dependencies = (
				81C0A0AE23A1954B005B3D68 /* PBXTargetDependency */,
			);
			name = cook;
			productName = "macos-cli";
			productReference = 81BB91EB2396DB9300EED6B7 /* cook */;
			productType = "com.apple.product-type.tool";
		};
/* End PBXNativeTarget section */

/* Begin PBXProject section */
		81BB91E32396DB9300EED6B7 /* Project object */ = {
			isa = PBXProject;
			attributes = {
				LastSwiftUpdateCheck = 1120;
				LastUpgradeCheck = 1120;
				ORGANIZATIONNAME = ned;
				TargetAttributes = {
					81BB91EA2396DB9300EED6B7 = {
						CreatedOnToolsVersion = 11.2.1;
					};
				};
			};
			buildConfigurationList = 81BB91E62396DB9300EED6B7 /* Build configuration list for PBXProject "cook" */;
			compatibilityVersion = "Xcode 9.3";
			developmentRegion = en;
			hasScannedForEncodings = 0;
			knownRegions = (
				en,
				Base,
			);
			mainGroup = 81BB91E22396DB9300EED6B7;
			productRefGroup = 81BB91EC2396DB9300EED6B7 /* Products */;
			projectDirPath = "";
			projectReferences = (
				{
					ProductGroup = 81C0A09B23A19519005B3D68 /* Products */;
					ProjectRef = 81C0A09A23A19519005B3D68 /* AltSign.xcodeproj */;
				},
				{
					ProductGroup = 81B7AF13239A8826008D8D51 /* Products */;
					ProjectRef = 81B7AF12239A8826008D8D51 /* CookMailPlugin.xcodeproj */;
				},
			);
			projectRoot = "";
			targets = (
				81BB91EA2396DB9300EED6B7 /* cook */,
			);
		};
/* End PBXProject section */

/* Begin PBXReferenceProxy section */
		81B7AF19239A8826008D8D51 /* CookMailPlugin.mailbundle */ = {
			isa = PBXReferenceProxy;
			fileType = wrapper.cfbundle;
			path = CookMailPlugin.mailbundle;
			remoteRef = 81B7AF18239A8826008D8D51 /* PBXContainerItemProxy */;
			sourceTree = BUILT_PRODUCTS_DIR;
		};
		81C0A0A223A19519005B3D68 /* AltSign.framework */ = {
			isa = PBXReferenceProxy;
			fileType = wrapper.framework;
			path = AltSign.framework;
			remoteRef = 81C0A0A123A19519005B3D68 /* PBXContainerItemProxy */;
			sourceTree = BUILT_PRODUCTS_DIR;
		};
		81C0A0A423A19519005B3D68 /* libldid.a */ = {
			isa = PBXReferenceProxy;
			fileType = archive.ar;
			path = libldid.a;
			remoteRef = 81C0A0A323A19519005B3D68 /* PBXContainerItemProxy */;
			sourceTree = BUILT_PRODUCTS_DIR;
		};
		81C0A0A623A19519005B3D68 /* AltSign.framework */ = {
			isa = PBXReferenceProxy;
			fileType = wrapper.framework;
			path = AltSign.framework;
			remoteRef = 81C0A0A523A19519005B3D68 /* PBXContainerItemProxy */;
			sourceTree = BUILT_PRODUCTS_DIR;
		};
/* End PBXReferenceProxy section */

/* Begin PBXSourcesBuildPhase section */
		81BB91E72396DB9300EED6B7 /* Sources */ = {
			isa = PBXSourcesBuildPhase;
			buildActionMask = 2147483647;
			files = (
				81FACCE2239948BF00C15308 /* Utils.swift in Sources */,
				81D2959B23B14C03005B8444 /* ResignApp.swift in Sources */,
				816EA9DD2399BB1A000E2D87 /* RegisterBundleId.swift in Sources */,
				81FACCE0239948BF00C15308 /* CreateCertificate.swift in Sources */,
				81FACCE3239948BF00C15308 /* CLI.swift in Sources */,
				81B7AF2A239ABC1E008D8D51 /* RegisterDevice.swift in Sources */,
				816EA9DB2399A5C6000E2D87 /* Logger.swift in Sources */,
				81B7AF2C239AE8DF008D8D51 /* UpdateProvisioningProfile.swift in Sources */,
				81FACCE1239948BF00C15308 /* Authenticator.swift in Sources */,
				81B7AF2E239B1661008D8D51 /* DownloadProvisioningProfiles.swift in Sources */,
				81FACCDF239948BF00C15308 /* API.swift in Sources */,
				81BB91EF2396DB9300EED6B7 /* main.swift in Sources */,
				81FACCE4239948BF00C15308 /* Errors.swift in Sources */,
			);
			runOnlyForDeploymentPostprocessing = 0;
		};
/* End PBXSourcesBuildPhase section */

/* Begin PBXTargetDependency section */
		81C0A0AE23A1954B005B3D68 /* PBXTargetDependency */ = {
			isa = PBXTargetDependency;
			name = "AltSign-macOS";
			targetProxy = 81C0A0AD23A1954B005B3D68 /* PBXContainerItemProxy */;
		};
/* End PBXTargetDependency section */

/* Begin XCBuildConfiguration section */
		81BB91F02396DB9300EED6B7 /* Debug */ = {
			isa = XCBuildConfiguration;
			buildSettings = {
				ALWAYS_SEARCH_USER_PATHS = NO;
				CLANG_ANALYZER_NONNULL = YES;
				CLANG_ANALYZER_NUMBER_OBJECT_CONVERSION = YES_AGGRESSIVE;
				CLANG_CXX_LANGUAGE_STANDARD = "gnu++14";
				CLANG_CXX_LIBRARY = "libc++";
				CLANG_ENABLE_MODULES = YES;
				CLANG_ENABLE_OBJC_ARC = YES;
				CLANG_ENABLE_OBJC_WEAK = YES;
				CLANG_WARN_BLOCK_CAPTURE_AUTORELEASING = YES;
				CLANG_WARN_BOOL_CONVERSION = YES;
				CLANG_WARN_COMMA = YES;
				CLANG_WARN_CONSTANT_CONVERSION = YES;
				CLANG_WARN_DEPRECATED_OBJC_IMPLEMENTATIONS = YES;
				CLANG_WARN_DIRECT_OBJC_ISA_USAGE = YES_ERROR;
				CLANG_WARN_DOCUMENTATION_COMMENTS = YES;
				CLANG_WARN_EMPTY_BODY = YES;
				CLANG_WARN_ENUM_CONVERSION = YES;
				CLANG_WARN_INFINITE_RECURSION = YES;
				CLANG_WARN_INT_CONVERSION = YES;
				CLANG_WARN_NON_LITERAL_NULL_CONVERSION = YES;
				CLANG_WARN_OBJC_IMPLICIT_RETAIN_SELF = YES;
				CLANG_WARN_OBJC_LITERAL_CONVERSION = YES;
				CLANG_WARN_OBJC_ROOT_CLASS = YES_ERROR;
				CLANG_WARN_RANGE_LOOP_ANALYSIS = YES;
				CLANG_WARN_STRICT_PROTOTYPES = YES;
				CLANG_WARN_SUSPICIOUS_MOVE = YES;
				CLANG_WARN_UNGUARDED_AVAILABILITY = YES_AGGRESSIVE;
				CLANG_WARN_UNREACHABLE_CODE = YES;
				CLANG_WARN__DUPLICATE_METHOD_MATCH = YES;
				COPY_PHASE_STRIP = NO;
				DEBUG_INFORMATION_FORMAT = dwarf;
				ENABLE_STRICT_OBJC_MSGSEND = YES;
				ENABLE_TESTABILITY = YES;
				GCC_C_LANGUAGE_STANDARD = gnu11;
				GCC_DYNAMIC_NO_PIC = NO;
				GCC_NO_COMMON_BLOCKS = YES;
				GCC_OPTIMIZATION_LEVEL = 0;
				GCC_PREPROCESSOR_DEFINITIONS = (
					"DEBUG=1",
					"$(inherited)",
				);
				GCC_WARN_64_TO_32_BIT_CONVERSION = YES;
				GCC_WARN_ABOUT_RETURN_TYPE = YES_ERROR;
				GCC_WARN_UNDECLARED_SELECTOR = YES;
				GCC_WARN_UNINITIALIZED_AUTOS = YES_AGGRESSIVE;
				GCC_WARN_UNUSED_FUNCTION = YES;
				GCC_WARN_UNUSED_VARIABLE = YES;
				MACOSX_DEPLOYMENT_TARGET = 10.15;
				MTL_ENABLE_DEBUG_INFO = INCLUDE_SOURCE;
				MTL_FAST_MATH = YES;
				ONLY_ACTIVE_ARCH = YES;
				SDKROOT = macosx;
				SWIFT_ACTIVE_COMPILATION_CONDITIONS = DEBUG;
				SWIFT_OPTIMIZATION_LEVEL = "-Onone";
			};
			name = Debug;
		};
		81BB91F12396DB9300EED6B7 /* Release */ = {
			isa = XCBuildConfiguration;
			buildSettings = {
				ALWAYS_SEARCH_USER_PATHS = NO;
				CLANG_ANALYZER_NONNULL = YES;
				CLANG_ANALYZER_NUMBER_OBJECT_CONVERSION = YES_AGGRESSIVE;
				CLANG_CXX_LANGUAGE_STANDARD = "gnu++14";
				CLANG_CXX_LIBRARY = "libc++";
				CLANG_ENABLE_MODULES = YES;
				CLANG_ENABLE_OBJC_ARC = YES;
				CLANG_ENABLE_OBJC_WEAK = YES;
				CLANG_WARN_BLOCK_CAPTURE_AUTORELEASING = YES;
				CLANG_WARN_BOOL_CONVERSION = YES;
				CLANG_WARN_COMMA = YES;
				CLANG_WARN_CONSTANT_CONVERSION = YES;
				CLANG_WARN_DEPRECATED_OBJC_IMPLEMENTATIONS = YES;
				CLANG_WARN_DIRECT_OBJC_ISA_USAGE = YES_ERROR;
				CLANG_WARN_DOCUMENTATION_COMMENTS = YES;
				CLANG_WARN_EMPTY_BODY = YES;
				CLANG_WARN_ENUM_CONVERSION = YES;
				CLANG_WARN_INFINITE_RECURSION = YES;
				CLANG_WARN_INT_CONVERSION = YES;
				CLANG_WARN_NON_LITERAL_NULL_CONVERSION = YES;
				CLANG_WARN_OBJC_IMPLICIT_RETAIN_SELF = YES;
				CLANG_WARN_OBJC_LITERAL_CONVERSION = YES;
				CLANG_WARN_OBJC_ROOT_CLASS = YES_ERROR;
				CLANG_WARN_RANGE_LOOP_ANALYSIS = YES;
				CLANG_WARN_STRICT_PROTOTYPES = YES;
				CLANG_WARN_SUSPICIOUS_MOVE = YES;
				CLANG_WARN_UNGUARDED_AVAILABILITY = YES_AGGRESSIVE;
				CLANG_WARN_UNREACHABLE_CODE = YES;
				CLANG_WARN__DUPLICATE_METHOD_MATCH = YES;
				COPY_PHASE_STRIP = NO;
				DEBUG_INFORMATION_FORMAT = "dwarf-with-dsym";
				ENABLE_NS_ASSERTIONS = NO;
				ENABLE_STRICT_OBJC_MSGSEND = YES;
				GCC_C_LANGUAGE_STANDARD = gnu11;
				GCC_NO_COMMON_BLOCKS = YES;
				GCC_WARN_64_TO_32_BIT_CONVERSION = YES;
				GCC_WARN_ABOUT_RETURN_TYPE = YES_ERROR;
				GCC_WARN_UNDECLARED_SELECTOR = YES;
				GCC_WARN_UNINITIALIZED_AUTOS = YES_AGGRESSIVE;
				GCC_WARN_UNUSED_FUNCTION = YES;
				GCC_WARN_UNUSED_VARIABLE = YES;
				MACOSX_DEPLOYMENT_TARGET = 10.15;
				MTL_ENABLE_DEBUG_INFO = NO;
				MTL_FAST_MATH = YES;
				SDKROOT = macosx;
				SWIFT_COMPILATION_MODE = wholemodule;
				SWIFT_OPTIMIZATION_LEVEL = "-O";
			};
			name = Release;
		};
		81BB91F32396DB9300EED6B7 /* Debug */ = {
			isa = XCBuildConfiguration;
			buildSettings = {
				CODE_SIGN_ENTITLEMENTS = cook/cook.entitlements;
				CODE_SIGN_IDENTITY = "Apple Development";
				CODE_SIGN_STYLE = Automatic;
				DEVELOPMENT_TEAM = 9Y4562FZWB;
				ENABLE_HARDENED_RUNTIME = YES;
				LD_RUNPATH_SEARCH_PATHS = "@executable_path";
				PRODUCT_BUNDLE_IDENTIFIER = it.ned.cook;
				PRODUCT_NAME = "$(TARGET_NAME)";
				SWIFT_VERSION = 5.0;
			};
			name = Debug;
		};
		81BB91F42396DB9300EED6B7 /* Release */ = {
			isa = XCBuildConfiguration;
			buildSettings = {
				CODE_SIGN_ENTITLEMENTS = cook/cook.entitlements;
				CODE_SIGN_IDENTITY = "Apple Development";
				CODE_SIGN_STYLE = Automatic;
				DEVELOPMENT_TEAM = 9Y4562FZWB;
				ENABLE_HARDENED_RUNTIME = YES;
				LD_RUNPATH_SEARCH_PATHS = "@executable_path";
				PRODUCT_BUNDLE_IDENTIFIER = it.ned.cook;
				PRODUCT_NAME = "$(TARGET_NAME)";
				SWIFT_VERSION = 5.0;
			};
			name = Release;
		};
/* End XCBuildConfiguration section */

/* Begin XCConfigurationList section */
		81BB91E62396DB9300EED6B7 /* Build configuration list for PBXProject "cook" */ = {
			isa = XCConfigurationList;
			buildConfigurations = (
				81BB91F02396DB9300EED6B7 /* Debug */,
				81BB91F12396DB9300EED6B7 /* Release */,
			);
			defaultConfigurationIsVisible = 0;
			defaultConfigurationName = Release;
		};
		81BB91F22396DB9300EED6B7 /* Build configuration list for PBXNativeTarget "cook" */ = {
			isa = XCConfigurationList;
			buildConfigurations = (
				81BB91F32396DB9300EED6B7 /* Debug */,
				81BB91F42396DB9300EED6B7 /* Release */,
			);
			defaultConfigurationIsVisible = 0;
			defaultConfigurationName = Release;
		};
/* End XCConfigurationList section */
	};
	rootObject = 81BB91E32396DB9300EED6B7 /* Project object */;
}
