// !$*UTF8*$!
{
	archiveVersion = 1;
	classes = {
	};
	objectVersion = 52;
	objects = {

/* Begin PBXBuildFile section */
		811129D027D7B54C00840EEA /* OpenSSL.xcframework in Frameworks */ = {isa = PBXBuildFile; fileRef = 811129CF27D7B54C00840EEA /* OpenSSL.xcframework */; };
		8174C3042608FDD700F450B1 /* AnisetteServer.swift in Sources */ = {isa = PBXBuildFile; fileRef = 8174C3032608FDD700F450B1 /* AnisetteServer.swift */; };
		8174C3082608FE1C00F450B1 /* Swifter in Frameworks */ = {isa = PBXBuildFile; productRef = 8174C3072608FE1C00F450B1 /* Swifter */; };
		81A2E8982607EE8800476DC6 /* AltSign-Static in Frameworks */ = {isa = PBXBuildFile; productRef = 81A2E8972607EE8800476DC6 /* AltSign-Static */; };
		81B6DE7C2607F961005C8940 /* Logger.swift in Sources */ = {isa = PBXBuildFile; fileRef = 81B6DE6D2607F961005C8940 /* Logger.swift */; };
		81B6DE7D2607F961005C8940 /* Authenticator.swift in Sources */ = {isa = PBXBuildFile; fileRef = 81B6DE6E2607F961005C8940 /* Authenticator.swift */; };
		81B6DE7E2607F961005C8940 /* Utils.swift in Sources */ = {isa = PBXBuildFile; fileRef = 81B6DE6F2607F961005C8940 /* Utils.swift */; };
		81B6DE7F2607F961005C8940 /* CLI.swift in Sources */ = {isa = PBXBuildFile; fileRef = 81B6DE702607F961005C8940 /* CLI.swift */; };
		81B6DE802607F961005C8940 /* Errors.swift in Sources */ = {isa = PBXBuildFile; fileRef = 81B6DE712607F961005C8940 /* Errors.swift */; };
		81B6DE812607F961005C8940 /* UpdateProvisioningProfile.swift in Sources */ = {isa = PBXBuildFile; fileRef = 81B6DE732607F961005C8940 /* UpdateProvisioningProfile.swift */; };
		81B6DE822607F961005C8940 /* ResignApp.swift in Sources */ = {isa = PBXBuildFile; fileRef = 81B6DE742607F961005C8940 /* ResignApp.swift */; };
		81B6DE832607F961005C8940 /* RegisterDevice.swift in Sources */ = {isa = PBXBuildFile; fileRef = 81B6DE752607F961005C8940 /* RegisterDevice.swift */; };
		81B6DE842607F961005C8940 /* CreateCertificate.swift in Sources */ = {isa = PBXBuildFile; fileRef = 81B6DE762607F961005C8940 /* CreateCertificate.swift */; };
		81B6DE852607F961005C8940 /* RegisterBundleId.swift in Sources */ = {isa = PBXBuildFile; fileRef = 81B6DE772607F961005C8940 /* RegisterBundleId.swift */; };
		81B6DE862607F961005C8940 /* DownloadProvisioningProfiles.swift in Sources */ = {isa = PBXBuildFile; fileRef = 81B6DE782607F961005C8940 /* DownloadProvisioningProfiles.swift */; };
		81B6DE872607F961005C8940 /* main.swift in Sources */ = {isa = PBXBuildFile; fileRef = 81B6DE792607F961005C8940 /* main.swift */; };
		81B6DE882607F961005C8940 /* API.swift in Sources */ = {isa = PBXBuildFile; fileRef = 81B6DE7B2607F961005C8940 /* API.swift */; };
/* End PBXBuildFile section */

/* Begin PBXContainerItemProxy section */
		818C728A2607FAA1006F5E9C /* PBXContainerItemProxy */ = {
			isa = PBXContainerItemProxy;
			containerPortal = 818C72862607FAA1006F5E9C /* CookMailPlugin.xcodeproj */;
			proxyType = 2;
			remoteGlobalIDString = 619F2CB61D8BDEF400BC8A84;
			remoteInfo = CookMailPlugin;
		};
/* End PBXContainerItemProxy section */

/* Begin PBXCopyFilesBuildPhase section */
		8135042A26077CBE009F9964 /* CopyFiles */ = {
			isa = PBXCopyFilesBuildPhase;
			buildActionMask = 2147483647;
			dstPath = /usr/share/man/man1/;
			dstSubfolderSpec = 0;
			files = (
			);
			runOnlyForDeploymentPostprocessing = 1;
		};
/* End PBXCopyFilesBuildPhase section */

/* Begin PBXFileReference section */
		8111297827D7B4E300840EEA /* pem2.h */ = {isa = PBXFileReference; fileEncoding = 4; lastKnownFileType = sourcecode.c.h; path = pem2.h; sourceTree = "<group>"; };
		8111297927D7B4E300840EEA /* pem.h */ = {isa = PBXFileReference; fileEncoding = 4; lastKnownFileType = sourcecode.c.h; path = pem.h; sourceTree = "<group>"; };
		8111297A27D7B4E300840EEA /* ssl3.h */ = {isa = PBXFileReference; fileEncoding = 4; lastKnownFileType = sourcecode.c.h; path = ssl3.h; sourceTree = "<group>"; };
		8111297B27D7B4E300840EEA /* ossl_typ.h */ = {isa = PBXFileReference; fileEncoding = 4; lastKnownFileType = sourcecode.c.h; path = ossl_typ.h; sourceTree = "<group>"; };
		8111297C27D7B4E300840EEA /* dtls1.h */ = {isa = PBXFileReference; fileEncoding = 4; lastKnownFileType = sourcecode.c.h; path = dtls1.h; sourceTree = "<group>"; };
		8111297D27D7B4E300840EEA /* err.h */ = {isa = PBXFileReference; fileEncoding = 4; lastKnownFileType = sourcecode.c.h; path = err.h; sourceTree = "<group>"; };
		8111297E27D7B4E300840EEA /* bn.h */ = {isa = PBXFileReference; fileEncoding = 4; lastKnownFileType = sourcecode.c.h; path = bn.h; sourceTree = "<group>"; };
		8111297F27D7B4E300840EEA /* blowfish.h */ = {isa = PBXFileReference; fileEncoding = 4; lastKnownFileType = sourcecode.c.h; path = blowfish.h; sourceTree = "<group>"; };
		8111298027D7B4E300840EEA /* cms.h */ = {isa = PBXFileReference; fileEncoding = 4; lastKnownFileType = sourcecode.c.h; path = cms.h; sourceTree = "<group>"; };
		8111298127D7B4E300840EEA /* engine.h */ = {isa = PBXFileReference; fileEncoding = 4; lastKnownFileType = sourcecode.c.h; path = engine.h; sourceTree = "<group>"; };
		8111298227D7B4E300840EEA /* conf_api.h */ = {isa = PBXFileReference; fileEncoding = 4; lastKnownFileType = sourcecode.c.h; path = conf_api.h; sourceTree = "<group>"; };
		8111298327D7B4E300840EEA /* x509.h */ = {isa = PBXFileReference; fileEncoding = 4; lastKnownFileType = sourcecode.c.h; path = x509.h; sourceTree = "<group>"; };
		8111298427D7B4E300840EEA /* asn1_mac.h */ = {isa = PBXFileReference; fileEncoding = 4; lastKnownFileType = sourcecode.c.h; path = asn1_mac.h; sourceTree = "<group>"; };
		8111298527D7B4E300840EEA /* ui.h */ = {isa = PBXFileReference; fileEncoding = 4; lastKnownFileType = sourcecode.c.h; path = ui.h; sourceTree = "<group>"; };
		8111298627D7B4E300840EEA /* kssl.h */ = {isa = PBXFileReference; fileEncoding = 4; lastKnownFileType = sourcecode.c.h; path = kssl.h; sourceTree = "<group>"; };
		8111298727D7B4E300840EEA /* sha.h */ = {isa = PBXFileReference; fileEncoding = 4; lastKnownFileType = sourcecode.c.h; path = sha.h; sourceTree = "<group>"; };
		8111298827D7B4E300840EEA /* symhacks.h */ = {isa = PBXFileReference; fileEncoding = 4; lastKnownFileType = sourcecode.c.h; path = symhacks.h; sourceTree = "<group>"; };
		8111298927D7B4E300840EEA /* asn1.h */ = {isa = PBXFileReference; fileEncoding = 4; lastKnownFileType = sourcecode.c.h; path = asn1.h; sourceTree = "<group>"; };
		8111298A27D7B4E300840EEA /* opensslconf.h */ = {isa = PBXFileReference; fileEncoding = 4; lastKnownFileType = sourcecode.c.h; path = opensslconf.h; sourceTree = "<group>"; };
		8111298B27D7B4E300840EEA /* bio.h */ = {isa = PBXFileReference; fileEncoding = 4; lastKnownFileType = sourcecode.c.h; path = bio.h; sourceTree = "<group>"; };
		8111298C27D7B4E300840EEA /* rc2.h */ = {isa = PBXFileReference; fileEncoding = 4; lastKnownFileType = sourcecode.c.h; path = rc2.h; sourceTree = "<group>"; };
		8111298D27D7B4E300840EEA /* dh.h */ = {isa = PBXFileReference; fileEncoding = 4; lastKnownFileType = sourcecode.c.h; path = dh.h; sourceTree = "<group>"; };
		8111298E27D7B4E300840EEA /* ui_compat.h */ = {isa = PBXFileReference; fileEncoding = 4; lastKnownFileType = sourcecode.c.h; path = ui_compat.h; sourceTree = "<group>"; };
		8111298F27D7B4E300840EEA /* x509v3.h */ = {isa = PBXFileReference; fileEncoding = 4; lastKnownFileType = sourcecode.c.h; path = x509v3.h; sourceTree = "<group>"; };
		8111299027D7B4E300840EEA /* ssl23.h */ = {isa = PBXFileReference; fileEncoding = 4; lastKnownFileType = sourcecode.c.h; path = ssl23.h; sourceTree = "<group>"; };
		8111299127D7B4E300840EEA /* conf.h */ = {isa = PBXFileReference; fileEncoding = 4; lastKnownFileType = sourcecode.c.h; path = conf.h; sourceTree = "<group>"; };
		8111299227D7B4E300840EEA /* opensslconf-x86_64.h */ = {isa = PBXFileReference; fileEncoding = 4; lastKnownFileType = sourcecode.c.h; path = "opensslconf-x86_64.h"; sourceTree = "<group>"; };
		8111299327D7B4E300840EEA /* md5.h */ = {isa = PBXFileReference; fileEncoding = 4; lastKnownFileType = sourcecode.c.h; path = md5.h; sourceTree = "<group>"; };
		8111299427D7B4E300840EEA /* x509_vfy.h */ = {isa = PBXFileReference; fileEncoding = 4; lastKnownFileType = sourcecode.c.h; path = x509_vfy.h; sourceTree = "<group>"; };
		8111299527D7B4E300840EEA /* txt_db.h */ = {isa = PBXFileReference; fileEncoding = 4; lastKnownFileType = sourcecode.c.h; path = txt_db.h; sourceTree = "<group>"; };
		8111299627D7B4E300840EEA /* safestack.h */ = {isa = PBXFileReference; fileEncoding = 4; lastKnownFileType = sourcecode.c.h; path = safestack.h; sourceTree = "<group>"; };
		8111299727D7B4E300840EEA /* opensslconf-arm64.h */ = {isa = PBXFileReference; fileEncoding = 4; lastKnownFileType = sourcecode.c.h; path = "opensslconf-arm64.h"; sourceTree = "<group>"; };
		8111299827D7B4E300840EEA /* ecdsa.h */ = {isa = PBXFileReference; fileEncoding = 4; lastKnownFileType = sourcecode.c.h; path = ecdsa.h; sourceTree = "<group>"; };
		8111299927D7B4E300840EEA /* objects.h */ = {isa = PBXFileReference; fileEncoding = 4; lastKnownFileType = sourcecode.c.h; path = objects.h; sourceTree = "<group>"; };
		8111299A27D7B4E300840EEA /* pkcs12.h */ = {isa = PBXFileReference; fileEncoding = 4; lastKnownFileType = sourcecode.c.h; path = pkcs12.h; sourceTree = "<group>"; };
		8111299B27D7B4E300840EEA /* crypto.h */ = {isa = PBXFileReference; fileEncoding = 4; lastKnownFileType = sourcecode.c.h; path = crypto.h; sourceTree = "<group>"; };
		8111299C27D7B4E300840EEA /* opensslv.h */ = {isa = PBXFileReference; fileEncoding = 4; lastKnownFileType = sourcecode.c.h; path = opensslv.h; sourceTree = "<group>"; };
		8111299D27D7B4E300840EEA /* pkcs7.h */ = {isa = PBXFileReference; fileEncoding = 4; lastKnownFileType = sourcecode.c.h; path = pkcs7.h; sourceTree = "<group>"; };
		8111299E27D7B4E300840EEA /* obj_mac.h */ = {isa = PBXFileReference; fileEncoding = 4; lastKnownFileType = sourcecode.c.h; path = obj_mac.h; sourceTree = "<group>"; };
		8111299F27D7B4E300840EEA /* buffer.h */ = {isa = PBXFileReference; fileEncoding = 4; lastKnownFileType = sourcecode.c.h; path = buffer.h; sourceTree = "<group>"; };
		811129A027D7B4E300840EEA /* ssl.h */ = {isa = PBXFileReference; fileEncoding = 4; lastKnownFileType = sourcecode.c.h; path = ssl.h; sourceTree = "<group>"; };
		811129A127D7B4E300840EEA /* srp.h */ = {isa = PBXFileReference; fileEncoding = 4; lastKnownFileType = sourcecode.c.h; path = srp.h; sourceTree = "<group>"; };
		811129A227D7B4E300840EEA /* camellia.h */ = {isa = PBXFileReference; fileEncoding = 4; lastKnownFileType = sourcecode.c.h; path = camellia.h; sourceTree = "<group>"; };
		811129A327D7B4E300840EEA /* evp.h */ = {isa = PBXFileReference; fileEncoding = 4; lastKnownFileType = sourcecode.c.h; path = evp.h; sourceTree = "<group>"; };
		811129A427D7B4E300840EEA /* e_os2.h */ = {isa = PBXFileReference; fileEncoding = 4; lastKnownFileType = sourcecode.c.h; path = e_os2.h; sourceTree = "<group>"; };
		811129A527D7B4E300840EEA /* md4.h */ = {isa = PBXFileReference; fileEncoding = 4; lastKnownFileType = sourcecode.c.h; path = md4.h; sourceTree = "<group>"; };
		811129A627D7B4E300840EEA /* hmac.h */ = {isa = PBXFileReference; fileEncoding = 4; lastKnownFileType = sourcecode.c.h; path = hmac.h; sourceTree = "<group>"; };
		811129A727D7B4E300840EEA /* aes.h */ = {isa = PBXFileReference; fileEncoding = 4; lastKnownFileType = sourcecode.c.h; path = aes.h; sourceTree = "<group>"; };
		811129A827D7B4E300840EEA /* comp.h */ = {isa = PBXFileReference; fileEncoding = 4; lastKnownFileType = sourcecode.c.h; path = comp.h; sourceTree = "<group>"; };
		811129A927D7B4E300840EEA /* cast.h */ = {isa = PBXFileReference; fileEncoding = 4; lastKnownFileType = sourcecode.c.h; path = cast.h; sourceTree = "<group>"; };
		811129AA27D7B4E300840EEA /* rc4.h */ = {isa = PBXFileReference; fileEncoding = 4; lastKnownFileType = sourcecode.c.h; path = rc4.h; sourceTree = "<group>"; };
		811129AB27D7B4E300840EEA /* stack.h */ = {isa = PBXFileReference; fileEncoding = 4; lastKnownFileType = sourcecode.c.h; path = stack.h; sourceTree = "<group>"; };
		811129AC27D7B4E300840EEA /* des.h */ = {isa = PBXFileReference; fileEncoding = 4; lastKnownFileType = sourcecode.c.h; path = des.h; sourceTree = "<group>"; };
		811129AD27D7B4E300840EEA /* ocsp.h */ = {isa = PBXFileReference; fileEncoding = 4; lastKnownFileType = sourcecode.c.h; path = ocsp.h; sourceTree = "<group>"; };
		811129AE27D7B4E300840EEA /* ec.h */ = {isa = PBXFileReference; fileEncoding = 4; lastKnownFileType = sourcecode.c.h; path = ec.h; sourceTree = "<group>"; };
		811129AF27D7B4E300840EEA /* ecdh.h */ = {isa = PBXFileReference; fileEncoding = 4; lastKnownFileType = sourcecode.c.h; path = ecdh.h; sourceTree = "<group>"; };
		811129B027D7B4E300840EEA /* rand.h */ = {isa = PBXFileReference; fileEncoding = 4; lastKnownFileType = sourcecode.c.h; path = rand.h; sourceTree = "<group>"; };
		811129B127D7B4E300840EEA /* ts.h */ = {isa = PBXFileReference; fileEncoding = 4; lastKnownFileType = sourcecode.c.h; path = ts.h; sourceTree = "<group>"; };
		811129B227D7B4E300840EEA /* pqueue.h */ = {isa = PBXFileReference; fileEncoding = 4; lastKnownFileType = sourcecode.c.h; path = pqueue.h; sourceTree = "<group>"; };
		811129B327D7B4E300840EEA /* dso.h */ = {isa = PBXFileReference; fileEncoding = 4; lastKnownFileType = sourcecode.c.h; path = dso.h; sourceTree = "<group>"; };
		811129B427D7B4E300840EEA /* seed.h */ = {isa = PBXFileReference; fileEncoding = 4; lastKnownFileType = sourcecode.c.h; path = seed.h; sourceTree = "<group>"; };
		811129B527D7B4E300840EEA /* modes.h */ = {isa = PBXFileReference; fileEncoding = 4; lastKnownFileType = sourcecode.c.h; path = modes.h; sourceTree = "<group>"; };
		811129B627D7B4E300840EEA /* ssl2.h */ = {isa = PBXFileReference; fileEncoding = 4; lastKnownFileType = sourcecode.c.h; path = ssl2.h; sourceTree = "<group>"; };
		811129B727D7B4E300840EEA /* rsa.h */ = {isa = PBXFileReference; fileEncoding = 4; lastKnownFileType = sourcecode.c.h; path = rsa.h; sourceTree = "<group>"; };
		811129B827D7B4E300840EEA /* krb5_asn.h */ = {isa = PBXFileReference; fileEncoding = 4; lastKnownFileType = sourcecode.c.h; path = krb5_asn.h; sourceTree = "<group>"; };
		811129B927D7B4E300840EEA /* des_old.h */ = {isa = PBXFileReference; fileEncoding = 4; lastKnownFileType = sourcecode.c.h; path = des_old.h; sourceTree = "<group>"; };
		811129BA27D7B4E300840EEA /* ripemd.h */ = {isa = PBXFileReference; fileEncoding = 4; lastKnownFileType = sourcecode.c.h; path = ripemd.h; sourceTree = "<group>"; };
		811129BB27D7B4E300840EEA /* whrlpool.h */ = {isa = PBXFileReference; fileEncoding = 4; lastKnownFileType = sourcecode.c.h; path = whrlpool.h; sourceTree = "<group>"; };
		811129BC27D7B4E300840EEA /* tls1.h */ = {isa = PBXFileReference; fileEncoding = 4; lastKnownFileType = sourcecode.c.h; path = tls1.h; sourceTree = "<group>"; };
		811129BD27D7B4E300840EEA /* mdc2.h */ = {isa = PBXFileReference; fileEncoding = 4; lastKnownFileType = sourcecode.c.h; path = mdc2.h; sourceTree = "<group>"; };
		811129BE27D7B4E300840EEA /* dsa.h */ = {isa = PBXFileReference; fileEncoding = 4; lastKnownFileType = sourcecode.c.h; path = dsa.h; sourceTree = "<group>"; };
		811129BF27D7B4E300840EEA /* srtp.h */ = {isa = PBXFileReference; fileEncoding = 4; lastKnownFileType = sourcecode.c.h; path = srtp.h; sourceTree = "<group>"; };
		811129C027D7B4E300840EEA /* asn1t.h */ = {isa = PBXFileReference; fileEncoding = 4; lastKnownFileType = sourcecode.c.h; path = asn1t.h; sourceTree = "<group>"; };
		811129C127D7B4E300840EEA /* cmac.h */ = {isa = PBXFileReference; fileEncoding = 4; lastKnownFileType = sourcecode.c.h; path = cmac.h; sourceTree = "<group>"; };
		811129C227D7B4E300840EEA /* ebcdic.h */ = {isa = PBXFileReference; fileEncoding = 4; lastKnownFileType = sourcecode.c.h; path = ebcdic.h; sourceTree = "<group>"; };
		811129C327D7B4E300840EEA /* idea.h */ = {isa = PBXFileReference; fileEncoding = 4; lastKnownFileType = sourcecode.c.h; path = idea.h; sourceTree = "<group>"; };
		811129C427D7B4E300840EEA /* lhash.h */ = {isa = PBXFileReference; fileEncoding = 4; lastKnownFileType = sourcecode.c.h; path = lhash.h; sourceTree = "<group>"; };
		811129C527D7B4E300840EEA /* shim.h */ = {isa = PBXFileReference; fileEncoding = 4; lastKnownFileType = sourcecode.c.h; path = shim.h; sourceTree = "<group>"; };
		811129C727D7B4E300840EEA /* libcrypto.a */ = {isa = PBXFileReference; lastKnownFileType = archive.ar; path = libcrypto.a; sourceTree = "<group>"; };
		811129C827D7B4E300840EEA /* libssl.a */ = {isa = PBXFileReference; lastKnownFileType = archive.ar; path = libssl.a; sourceTree = "<group>"; };
		811129C927D7B4E300840EEA /* README.md */ = {isa = PBXFileReference; fileEncoding = 4; lastKnownFileType = net.daringfireball.markdown; path = README.md; sourceTree = "<group>"; };
		811129CA27D7B4E300840EEA /* .gitignore */ = {isa = PBXFileReference; fileEncoding = 4; lastKnownFileType = text; path = .gitignore; sourceTree = "<group>"; };
		811129CB27D7B4E300840EEA /* LICENSE.txt */ = {isa = PBXFileReference; fileEncoding = 4; lastKnownFileType = text; path = LICENSE.txt; sourceTree = "<group>"; };
		811129CF27D7B54C00840EEA /* OpenSSL.xcframework */ = {isa = PBXFileReference; lastKnownFileType = wrapper.xcframework; name = OpenSSL.xcframework; path = "../../Library/Developer/Xcode/DerivedData/cook-bujmczrpirhnhyhgligkbodjndov/SourcePackages/checkouts/AltSign/Dependencies/OpenSSL/Frameworks/OpenSSL.xcframework"; sourceTree = "<group>"; };
		811129D127D7B58800840EEA /* cook.entitlements */ = {isa = PBXFileReference; lastKnownFileType = text.plist.entitlements; name = cook.entitlements; path = cook/cook.entitlements; sourceTree = "<group>"; };
		8135042C26077CBE009F9964 /* cook */ = {isa = PBXFileReference; explicitFileType = "compiled.mach-o.executable"; includeInIndex = 0; path = cook; sourceTree = BUILT_PRODUCTS_DIR; };
		8174C3032608FDD700F450B1 /* AnisetteServer.swift */ = {isa = PBXFileReference; lastKnownFileType = sourcecode.swift; path = AnisetteServer.swift; sourceTree = "<group>"; };
		818C72862607FAA1006F5E9C /* CookMailPlugin.xcodeproj */ = {isa = PBXFileReference; lastKnownFileType = "wrapper.pb-project"; name = CookMailPlugin.xcodeproj; path = CookMailPlugin/CookMailPlugin.xcodeproj; sourceTree = "<group>"; };
		81B6DE6D2607F961005C8940 /* Logger.swift */ = {isa = PBXFileReference; fileEncoding = 4; lastKnownFileType = sourcecode.swift; path = Logger.swift; sourceTree = "<group>"; };
		81B6DE6E2607F961005C8940 /* Authenticator.swift */ = {isa = PBXFileReference; fileEncoding = 4; lastKnownFileType = sourcecode.swift; path = Authenticator.swift; sourceTree = "<group>"; };
		81B6DE6F2607F961005C8940 /* Utils.swift */ = {isa = PBXFileReference; fileEncoding = 4; lastKnownFileType = sourcecode.swift; path = Utils.swift; sourceTree = "<group>"; };
		81B6DE702607F961005C8940 /* CLI.swift */ = {isa = PBXFileReference; fileEncoding = 4; lastKnownFileType = sourcecode.swift; path = CLI.swift; sourceTree = "<group>"; };
		81B6DE712607F961005C8940 /* Errors.swift */ = {isa = PBXFileReference; fileEncoding = 4; lastKnownFileType = sourcecode.swift; path = Errors.swift; sourceTree = "<group>"; };
		81B6DE732607F961005C8940 /* UpdateProvisioningProfile.swift */ = {isa = PBXFileReference; fileEncoding = 4; lastKnownFileType = sourcecode.swift; path = UpdateProvisioningProfile.swift; sourceTree = "<group>"; };
		81B6DE742607F961005C8940 /* ResignApp.swift */ = {isa = PBXFileReference; fileEncoding = 4; lastKnownFileType = sourcecode.swift; path = ResignApp.swift; sourceTree = "<group>"; };
		81B6DE752607F961005C8940 /* RegisterDevice.swift */ = {isa = PBXFileReference; fileEncoding = 4; lastKnownFileType = sourcecode.swift; path = RegisterDevice.swift; sourceTree = "<group>"; };
		81B6DE762607F961005C8940 /* CreateCertificate.swift */ = {isa = PBXFileReference; fileEncoding = 4; lastKnownFileType = sourcecode.swift; path = CreateCertificate.swift; sourceTree = "<group>"; };
		81B6DE772607F961005C8940 /* RegisterBundleId.swift */ = {isa = PBXFileReference; fileEncoding = 4; lastKnownFileType = sourcecode.swift; path = RegisterBundleId.swift; sourceTree = "<group>"; };
		81B6DE782607F961005C8940 /* DownloadProvisioningProfiles.swift */ = {isa = PBXFileReference; fileEncoding = 4; lastKnownFileType = sourcecode.swift; path = DownloadProvisioningProfiles.swift; sourceTree = "<group>"; };
		81B6DE792607F961005C8940 /* main.swift */ = {isa = PBXFileReference; fileEncoding = 4; lastKnownFileType = sourcecode.swift; path = main.swift; sourceTree = "<group>"; };
		81B6DE7B2607F961005C8940 /* API.swift */ = {isa = PBXFileReference; fileEncoding = 4; lastKnownFileType = sourcecode.swift; path = API.swift; sourceTree = "<group>"; };
/* End PBXFileReference section */

/* Begin PBXFrameworksBuildPhase section */
		8135042926077CBE009F9964 /* Frameworks */ = {
			isa = PBXFrameworksBuildPhase;
			buildActionMask = 2147483647;
			files = (
				811129D027D7B54C00840EEA /* OpenSSL.xcframework in Frameworks */,
				81A2E8982607EE8800476DC6 /* AltSign-Static in Frameworks */,
				8174C3082608FE1C00F450B1 /* Swifter in Frameworks */,
			);
			runOnlyForDeploymentPostprocessing = 0;
		};
/* End PBXFrameworksBuildPhase section */

/* Begin PBXGroup section */
		8111297427D7B4E300840EEA /* OpenSSL */ = {
			isa = PBXGroup;
			children = (
				8111297527D7B4E300840EEA /* macos */,
				811129C927D7B4E300840EEA /* README.md */,
				811129CA27D7B4E300840EEA /* .gitignore */,
				811129CB27D7B4E300840EEA /* LICENSE.txt */,
			);
			path = OpenSSL;
			sourceTree = "<group>";
		};
		8111297527D7B4E300840EEA /* macos */ = {
			isa = PBXGroup;
			children = (
				8111297627D7B4E300840EEA /* include */,
				811129C627D7B4E300840EEA /* lib */,
			);
			path = macos;
			sourceTree = "<group>";
		};
		8111297627D7B4E300840EEA /* include */ = {
			isa = PBXGroup;
			children = (
				8111297727D7B4E300840EEA /* openssl */,
			);
			path = include;
			sourceTree = "<group>";
		};
		8111297727D7B4E300840EEA /* openssl */ = {
			isa = PBXGroup;
			children = (
				8111297827D7B4E300840EEA /* pem2.h */,
				8111297927D7B4E300840EEA /* pem.h */,
				8111297A27D7B4E300840EEA /* ssl3.h */,
				8111297B27D7B4E300840EEA /* ossl_typ.h */,
				8111297C27D7B4E300840EEA /* dtls1.h */,
				8111297D27D7B4E300840EEA /* err.h */,
				8111297E27D7B4E300840EEA /* bn.h */,
				8111297F27D7B4E300840EEA /* blowfish.h */,
				8111298027D7B4E300840EEA /* cms.h */,
				8111298127D7B4E300840EEA /* engine.h */,
				8111298227D7B4E300840EEA /* conf_api.h */,
				8111298327D7B4E300840EEA /* x509.h */,
				8111298427D7B4E300840EEA /* asn1_mac.h */,
				8111298527D7B4E300840EEA /* ui.h */,
				8111298627D7B4E300840EEA /* kssl.h */,
				8111298727D7B4E300840EEA /* sha.h */,
				8111298827D7B4E300840EEA /* symhacks.h */,
				8111298927D7B4E300840EEA /* asn1.h */,
				8111298A27D7B4E300840EEA /* opensslconf.h */,
				8111298B27D7B4E300840EEA /* bio.h */,
				8111298C27D7B4E300840EEA /* rc2.h */,
				8111298D27D7B4E300840EEA /* dh.h */,
				8111298E27D7B4E300840EEA /* ui_compat.h */,
				8111298F27D7B4E300840EEA /* x509v3.h */,
				8111299027D7B4E300840EEA /* ssl23.h */,
				8111299127D7B4E300840EEA /* conf.h */,
				8111299227D7B4E300840EEA /* opensslconf-x86_64.h */,
				8111299327D7B4E300840EEA /* md5.h */,
				8111299427D7B4E300840EEA /* x509_vfy.h */,
				8111299527D7B4E300840EEA /* txt_db.h */,
				8111299627D7B4E300840EEA /* safestack.h */,
				8111299727D7B4E300840EEA /* opensslconf-arm64.h */,
				8111299827D7B4E300840EEA /* ecdsa.h */,
				8111299927D7B4E300840EEA /* objects.h */,
				8111299A27D7B4E300840EEA /* pkcs12.h */,
				8111299B27D7B4E300840EEA /* crypto.h */,
				8111299C27D7B4E300840EEA /* opensslv.h */,
				8111299D27D7B4E300840EEA /* pkcs7.h */,
				8111299E27D7B4E300840EEA /* obj_mac.h */,
				8111299F27D7B4E300840EEA /* buffer.h */,
				811129A027D7B4E300840EEA /* ssl.h */,
				811129A127D7B4E300840EEA /* srp.h */,
				811129A227D7B4E300840EEA /* camellia.h */,
				811129A327D7B4E300840EEA /* evp.h */,
				811129A427D7B4E300840EEA /* e_os2.h */,
				811129A527D7B4E300840EEA /* md4.h */,
				811129A627D7B4E300840EEA /* hmac.h */,
				811129A727D7B4E300840EEA /* aes.h */,
				811129A827D7B4E300840EEA /* comp.h */,
				811129A927D7B4E300840EEA /* cast.h */,
				811129AA27D7B4E300840EEA /* rc4.h */,
				811129AB27D7B4E300840EEA /* stack.h */,
				811129AC27D7B4E300840EEA /* des.h */,
				811129AD27D7B4E300840EEA /* ocsp.h */,
				811129AE27D7B4E300840EEA /* ec.h */,
				811129AF27D7B4E300840EEA /* ecdh.h */,
				811129B027D7B4E300840EEA /* rand.h */,
				811129B127D7B4E300840EEA /* ts.h */,
				811129B227D7B4E300840EEA /* pqueue.h */,
				811129B327D7B4E300840EEA /* dso.h */,
				811129B427D7B4E300840EEA /* seed.h */,
				811129B527D7B4E300840EEA /* modes.h */,
				811129B627D7B4E300840EEA /* ssl2.h */,
				811129B727D7B4E300840EEA /* rsa.h */,
				811129B827D7B4E300840EEA /* krb5_asn.h */,
				811129B927D7B4E300840EEA /* des_old.h */,
				811129BA27D7B4E300840EEA /* ripemd.h */,
				811129BB27D7B4E300840EEA /* whrlpool.h */,
				811129BC27D7B4E300840EEA /* tls1.h */,
				811129BD27D7B4E300840EEA /* mdc2.h */,
				811129BE27D7B4E300840EEA /* dsa.h */,
				811129BF27D7B4E300840EEA /* srtp.h */,
				811129C027D7B4E300840EEA /* asn1t.h */,
				811129C127D7B4E300840EEA /* cmac.h */,
				811129C227D7B4E300840EEA /* ebcdic.h */,
				811129C327D7B4E300840EEA /* idea.h */,
				811129C427D7B4E300840EEA /* lhash.h */,
				811129C527D7B4E300840EEA /* shim.h */,
			);
			path = openssl;
			sourceTree = "<group>";
		};
		811129C627D7B4E300840EEA /* lib */ = {
			isa = PBXGroup;
			children = (
				811129C727D7B4E300840EEA /* libcrypto.a */,
				811129C827D7B4E300840EEA /* libssl.a */,
			);
			path = lib;
			sourceTree = "<group>";
		};
		8135042326077CBE009F9964 = {
			isa = PBXGroup;
			children = (
				811129D127D7B58800840EEA /* cook.entitlements */,
				818C72862607FAA1006F5E9C /* CookMailPlugin.xcodeproj */,
				8135042E26077CBE009F9964 /* Cook */,
				8111297427D7B4E300840EEA /* OpenSSL */,
				8135044A26078F13009F9964 /* Frameworks */,
				8135042D26077CBE009F9964 /* Products */,
			);
			sourceTree = "<group>";
		};
		8135042D26077CBE009F9964 /* Products */ = {
			isa = PBXGroup;
			children = (
				8135042C26077CBE009F9964 /* cook */,
			);
			name = Products;
			sourceTree = "<group>";
		};
		8135042E26077CBE009F9964 /* Cook */ = {
			isa = PBXGroup;
			children = (
				81B6DE7A2607F961005C8940 /* API */,
				81B6DE722607F961005C8940 /* Recipes */,
				81B6DE6C2607F961005C8940 /* Stuff */,
				81B6DE792607F961005C8940 /* main.swift */,
			);
			path = Cook;
			sourceTree = "<group>";
		};
		8135044A26078F13009F9964 /* Frameworks */ = {
			isa = PBXGroup;
			children = (
				811129CF27D7B54C00840EEA /* OpenSSL.xcframework */,
			);
			name = Frameworks;
			sourceTree = "<group>";
		};
		818C72872607FAA1006F5E9C /* Products */ = {
			isa = PBXGroup;
			children = (
				818C728B2607FAA1006F5E9C /* CookMailPlugin.mailbundle */,
			);
			name = Products;
			sourceTree = "<group>";
		};
		81B6DE6C2607F961005C8940 /* Stuff */ = {
			isa = PBXGroup;
			children = (
				81B6DE6D2607F961005C8940 /* Logger.swift */,
				81B6DE6E2607F961005C8940 /* Authenticator.swift */,
				81B6DE6F2607F961005C8940 /* Utils.swift */,
				81B6DE702607F961005C8940 /* CLI.swift */,
				81B6DE712607F961005C8940 /* Errors.swift */,
			);
			path = Stuff;
			sourceTree = "<group>";
		};
		81B6DE722607F961005C8940 /* Recipes */ = {
			isa = PBXGroup;
			children = (
				81B6DE732607F961005C8940 /* UpdateProvisioningProfile.swift */,
				81B6DE742607F961005C8940 /* ResignApp.swift */,
				81B6DE752607F961005C8940 /* RegisterDevice.swift */,
				81B6DE762607F961005C8940 /* CreateCertificate.swift */,
				81B6DE772607F961005C8940 /* RegisterBundleId.swift */,
				81B6DE782607F961005C8940 /* DownloadProvisioningProfiles.swift */,
				8174C3032608FDD700F450B1 /* AnisetteServer.swift */,
			);
			path = Recipes;
			sourceTree = "<group>";
		};
		81B6DE7A2607F961005C8940 /* API */ = {
			isa = PBXGroup;
			children = (
				81B6DE7B2607F961005C8940 /* API.swift */,
			);
			path = API;
			sourceTree = "<group>";
		};
/* End PBXGroup section */

/* Begin PBXNativeTarget section */
		8135042B26077CBE009F9964 /* cook */ = {
			isa = PBXNativeTarget;
			buildConfigurationList = 8135043326077CBE009F9964 /* Build configuration list for PBXNativeTarget "cook" */;
			buildPhases = (
				8135042826077CBE009F9964 /* Sources */,
				8135042926077CBE009F9964 /* Frameworks */,
				8135042A26077CBE009F9964 /* CopyFiles */,
			);
			buildRules = (
			);
			dependencies = (
			);
			name = cook;
			packageProductDependencies = (
				81A2E8972607EE8800476DC6 /* AltSign-Static */,
				8174C3072608FE1C00F450B1 /* Swifter */,
			);
			productName = altsignswiftpackagetest;
			productReference = 8135042C26077CBE009F9964 /* cook */;
			productType = "com.apple.product-type.tool";
		};
/* End PBXNativeTarget section */

/* Begin PBXProject section */
		8135042426077CBE009F9964 /* Project object */ = {
			isa = PBXProject;
			attributes = {
				LastSwiftUpdateCheck = 1240;
				LastUpgradeCheck = 1240;
				TargetAttributes = {
					8135042B26077CBE009F9964 = {
						CreatedOnToolsVersion = 12.4;
						LastSwiftMigration = 1240;
					};
				};
			};
			buildConfigurationList = 8135042726077CBE009F9964 /* Build configuration list for PBXProject "cook" */;
			compatibilityVersion = "Xcode 9.3";
			developmentRegion = en;
			hasScannedForEncodings = 0;
			knownRegions = (
				en,
				Base,
			);
			mainGroup = 8135042326077CBE009F9964;
			packageReferences = (
				81A2E8962607EE8800476DC6 /* XCRemoteSwiftPackageReference "AltSign" */,
				8174C3062608FE1C00F450B1 /* XCRemoteSwiftPackageReference "swifter" */,
			);
			productRefGroup = 8135042D26077CBE009F9964 /* Products */;
			projectDirPath = "";
			projectReferences = (
				{
					ProductGroup = 818C72872607FAA1006F5E9C /* Products */;
					ProjectRef = 818C72862607FAA1006F5E9C /* CookMailPlugin.xcodeproj */;
				},
			);
			projectRoot = "";
			targets = (
				8135042B26077CBE009F9964 /* cook */,
			);
		};
/* End PBXProject section */

/* Begin PBXReferenceProxy section */
		818C728B2607FAA1006F5E9C /* CookMailPlugin.mailbundle */ = {
			isa = PBXReferenceProxy;
			fileType = wrapper.cfbundle;
			path = CookMailPlugin.mailbundle;
			remoteRef = 818C728A2607FAA1006F5E9C /* PBXContainerItemProxy */;
			sourceTree = BUILT_PRODUCTS_DIR;
		};
/* End PBXReferenceProxy section */

/* Begin PBXSourcesBuildPhase section */
		8135042826077CBE009F9964 /* Sources */ = {
			isa = PBXSourcesBuildPhase;
			buildActionMask = 2147483647;
			files = (
				81B6DE7F2607F961005C8940 /* CLI.swift in Sources */,
				81B6DE852607F961005C8940 /* RegisterBundleId.swift in Sources */,
				81B6DE872607F961005C8940 /* main.swift in Sources */,
				81B6DE802607F961005C8940 /* Errors.swift in Sources */,
				81B6DE822607F961005C8940 /* ResignApp.swift in Sources */,
				81B6DE842607F961005C8940 /* CreateCertificate.swift in Sources */,
				81B6DE7C2607F961005C8940 /* Logger.swift in Sources */,
				81B6DE832607F961005C8940 /* RegisterDevice.swift in Sources */,
				81B6DE882607F961005C8940 /* API.swift in Sources */,
				8174C3042608FDD700F450B1 /* AnisetteServer.swift in Sources */,
				81B6DE862607F961005C8940 /* DownloadProvisioningProfiles.swift in Sources */,
				81B6DE812607F961005C8940 /* UpdateProvisioningProfile.swift in Sources */,
				81B6DE7D2607F961005C8940 /* Authenticator.swift in Sources */,
				81B6DE7E2607F961005C8940 /* Utils.swift in Sources */,
			);
			runOnlyForDeploymentPostprocessing = 0;
		};
/* End PBXSourcesBuildPhase section */

/* Begin XCBuildConfiguration section */
		8135043126077CBE009F9964 /* Debug */ = {
			isa = XCBuildConfiguration;
			buildSettings = {
				ALWAYS_SEARCH_USER_PATHS = NO;
				CLANG_ANALYZER_NONNULL = YES;
				CLANG_ANALYZER_NUMBER_OBJECT_CONVERSION = YES_AGGRESSIVE;
				CLANG_CXX_LANGUAGE_STANDARD = "gnu++14";
				CLANG_CXX_LIBRARY = "libc++";
				CLANG_ENABLE_MODULES = YES;
				CLANG_ENABLE_OBJC_ARC = YES;
				CLANG_ENABLE_OBJC_WEAK = YES;
				CLANG_WARN_BLOCK_CAPTURE_AUTORELEASING = YES;
				CLANG_WARN_BOOL_CONVERSION = YES;
				CLANG_WARN_COMMA = YES;
				CLANG_WARN_CONSTANT_CONVERSION = YES;
				CLANG_WARN_DEPRECATED_OBJC_IMPLEMENTATIONS = YES;
				CLANG_WARN_DIRECT_OBJC_ISA_USAGE = YES_ERROR;
				CLANG_WARN_DOCUMENTATION_COMMENTS = YES;
				CLANG_WARN_EMPTY_BODY = YES;
				CLANG_WARN_ENUM_CONVERSION = YES;
				CLANG_WARN_INFINITE_RECURSION = YES;
				CLANG_WARN_INT_CONVERSION = YES;
				CLANG_WARN_NON_LITERAL_NULL_CONVERSION = YES;
				CLANG_WARN_OBJC_IMPLICIT_RETAIN_SELF = YES;
				CLANG_WARN_OBJC_LITERAL_CONVERSION = YES;
				CLANG_WARN_OBJC_ROOT_CLASS = YES_ERROR;
				CLANG_WARN_QUOTED_INCLUDE_IN_FRAMEWORK_HEADER = YES;
				CLANG_WARN_RANGE_LOOP_ANALYSIS = YES;
				CLANG_WARN_STRICT_PROTOTYPES = YES;
				CLANG_WARN_SUSPICIOUS_MOVE = YES;
				CLANG_WARN_UNGUARDED_AVAILABILITY = YES_AGGRESSIVE;
				CLANG_WARN_UNREACHABLE_CODE = YES;
				CLANG_WARN__DUPLICATE_METHOD_MATCH = YES;
				COPY_PHASE_STRIP = NO;
				DEBUG_INFORMATION_FORMAT = dwarf;
				ENABLE_STRICT_OBJC_MSGSEND = YES;
				ENABLE_TESTABILITY = YES;
				GCC_C_LANGUAGE_STANDARD = gnu11;
				GCC_DYNAMIC_NO_PIC = NO;
				GCC_NO_COMMON_BLOCKS = YES;
				GCC_OPTIMIZATION_LEVEL = 0;
				GCC_PREPROCESSOR_DEFINITIONS = (
					"DEBUG=1",
					"$(inherited)",
				);
				GCC_WARN_64_TO_32_BIT_CONVERSION = YES;
				GCC_WARN_ABOUT_RETURN_TYPE = YES_ERROR;
				GCC_WARN_UNDECLARED_SELECTOR = YES;
				GCC_WARN_UNINITIALIZED_AUTOS = YES_AGGRESSIVE;
				GCC_WARN_UNUSED_FUNCTION = YES;
				GCC_WARN_UNUSED_VARIABLE = YES;
				MACOSX_DEPLOYMENT_TARGET = 11.1;
				MTL_ENABLE_DEBUG_INFO = INCLUDE_SOURCE;
				MTL_FAST_MATH = YES;
				ONLY_ACTIVE_ARCH = YES;
				OTHER_CPLUSPLUSFLAGS = (
					"$(OTHER_CFLAGS)",
					"-I/opt/homebrew/opt/openssl@1.1/include",
				);
				OTHER_LDFLAGS = "-L/opt/homebrew/opt/openssl@1.1/lib";
				SDKROOT = macosx;
				SWIFT_ACTIVE_COMPILATION_CONDITIONS = DEBUG;
				SWIFT_OPTIMIZATION_LEVEL = "-Onone";
			};
			name = Debug;
		};
		8135043226077CBE009F9964 /* Release */ = {
			isa = XCBuildConfiguration;
			buildSettings = {
				ALWAYS_SEARCH_USER_PATHS = NO;
				CLANG_ANALYZER_NONNULL = YES;
				CLANG_ANALYZER_NUMBER_OBJECT_CONVERSION = YES_AGGRESSIVE;
				CLANG_CXX_LANGUAGE_STANDARD = "gnu++14";
				CLANG_CXX_LIBRARY = "libc++";
				CLANG_ENABLE_MODULES = YES;
				CLANG_ENABLE_OBJC_ARC = YES;
				CLANG_ENABLE_OBJC_WEAK = YES;
				CLANG_WARN_BLOCK_CAPTURE_AUTORELEASING = YES;
				CLANG_WARN_BOOL_CONVERSION = YES;
				CLANG_WARN_COMMA = YES;
				CLANG_WARN_CONSTANT_CONVERSION = YES;
				CLANG_WARN_DEPRECATED_OBJC_IMPLEMENTATIONS = YES;
				CLANG_WARN_DIRECT_OBJC_ISA_USAGE = YES_ERROR;
				CLANG_WARN_DOCUMENTATION_COMMENTS = YES;
				CLANG_WARN_EMPTY_BODY = YES;
				CLANG_WARN_ENUM_CONVERSION = YES;
				CLANG_WARN_INFINITE_RECURSION = YES;
				CLANG_WARN_INT_CONVERSION = YES;
				CLANG_WARN_NON_LITERAL_NULL_CONVERSION = YES;
				CLANG_WARN_OBJC_IMPLICIT_RETAIN_SELF = YES;
				CLANG_WARN_OBJC_LITERAL_CONVERSION = YES;
				CLANG_WARN_OBJC_ROOT_CLASS = YES_ERROR;
				CLANG_WARN_QUOTED_INCLUDE_IN_FRAMEWORK_HEADER = YES;
				CLANG_WARN_RANGE_LOOP_ANALYSIS = YES;
				CLANG_WARN_STRICT_PROTOTYPES = YES;
				CLANG_WARN_SUSPICIOUS_MOVE = YES;
				CLANG_WARN_UNGUARDED_AVAILABILITY = YES_AGGRESSIVE;
				CLANG_WARN_UNREACHABLE_CODE = YES;
				CLANG_WARN__DUPLICATE_METHOD_MATCH = YES;
				COPY_PHASE_STRIP = NO;
				DEBUG_INFORMATION_FORMAT = "dwarf-with-dsym";
				ENABLE_NS_ASSERTIONS = NO;
				ENABLE_STRICT_OBJC_MSGSEND = YES;
				GCC_C_LANGUAGE_STANDARD = gnu11;
				GCC_NO_COMMON_BLOCKS = YES;
				GCC_WARN_64_TO_32_BIT_CONVERSION = YES;
				GCC_WARN_ABOUT_RETURN_TYPE = YES_ERROR;
				GCC_WARN_UNDECLARED_SELECTOR = YES;
				GCC_WARN_UNINITIALIZED_AUTOS = YES_AGGRESSIVE;
				GCC_WARN_UNUSED_FUNCTION = YES;
				GCC_WARN_UNUSED_VARIABLE = YES;
				MACOSX_DEPLOYMENT_TARGET = 11.1;
				MTL_ENABLE_DEBUG_INFO = NO;
				MTL_FAST_MATH = YES;
				OTHER_CPLUSPLUSFLAGS = (
					"$(OTHER_CFLAGS)",
					"-I/opt/homebrew/opt/openssl@1.1/include",
				);
				OTHER_LDFLAGS = "-L/opt/homebrew/opt/openssl@1.1/lib";
				SDKROOT = macosx;
				SWIFT_COMPILATION_MODE = wholemodule;
				SWIFT_OPTIMIZATION_LEVEL = "-O";
			};
			name = Release;
		};
		8135043426077CBE009F9964 /* Debug */ = {
			isa = XCBuildConfiguration;
			buildSettings = {
				ALWAYS_SEARCH_USER_PATHS = YES;
				CLANG_ENABLE_MODULES = YES;
				CODE_SIGN_ENTITLEMENTS = cook/cook.entitlements;
				CODE_SIGN_IDENTITY = "Apple Development";
				CODE_SIGN_STYLE = Automatic;
				DEVELOPMENT_TEAM = 9Y4562FZWB;
				ENABLE_HARDENED_RUNTIME = YES;
				HEADER_SEARCH_PATHS = "\"$(SRCROOT)/OpenSSL/macos/include\"";
				LD_RUNPATH_SEARCH_PATHS = "@executable_path";
				LIBRARY_SEARCH_PATHS = "$(PROJECT_DIR)/OpenSSL/macos/lib";
				OTHER_CPLUSPLUSFLAGS = "$(OTHER_CFLAGS)";
				OTHER_LDFLAGS = "";
				PRODUCT_NAME = "$(TARGET_NAME)";
				SWIFT_OBJC_BRIDGING_HEADER = "";
				SWIFT_OPTIMIZATION_LEVEL = "-Onone";
				SWIFT_VERSION = 5.0;
				USER_HEADER_SEARCH_PATHS = "$(PROJECT_DIR)/OpenSSL/macos/include";
			};
			name = Debug;
		};
		8135043526077CBE009F9964 /* Release */ = {
			isa = XCBuildConfiguration;
			buildSettings = {
				ALWAYS_SEARCH_USER_PATHS = YES;
				CLANG_ENABLE_MODULES = YES;
				CODE_SIGN_ENTITLEMENTS = cook/cook.entitlements;
				CODE_SIGN_IDENTITY = "Apple Development";
				CODE_SIGN_STYLE = Automatic;
				DEVELOPMENT_TEAM = 9Y4562FZWB;
				ENABLE_HARDENED_RUNTIME = YES;
				HEADER_SEARCH_PATHS = "\"$(SRCROOT)/OpenSSL/macos/include\"";
				LD_RUNPATH_SEARCH_PATHS = "@executable_path";
				LIBRARY_SEARCH_PATHS = "$(PROJECT_DIR)/OpenSSL/macos/lib";
				OTHER_CPLUSPLUSFLAGS = "$(OTHER_CFLAGS)";
				OTHER_LDFLAGS = "";
				PRODUCT_NAME = "$(TARGET_NAME)";
				SWIFT_OBJC_BRIDGING_HEADER = "";
				SWIFT_VERSION = 5.0;
				USER_HEADER_SEARCH_PATHS = "$(PROJECT_DIR)/OpenSSL/macos/include";
			};
			name = Release;
		};
/* End XCBuildConfiguration section */

/* Begin XCConfigurationList section */
		8135042726077CBE009F9964 /* Build configuration list for PBXProject "cook" */ = {
			isa = XCConfigurationList;
			buildConfigurations = (
				8135043126077CBE009F9964 /* Debug */,
				8135043226077CBE009F9964 /* Release */,
			);
			defaultConfigurationIsVisible = 0;
			defaultConfigurationName = Release;
		};
		8135043326077CBE009F9964 /* Build configuration list for PBXNativeTarget "cook" */ = {
			isa = XCConfigurationList;
			buildConfigurations = (
				8135043426077CBE009F9964 /* Debug */,
				8135043526077CBE009F9964 /* Release */,
			);
			defaultConfigurationIsVisible = 0;
			defaultConfigurationName = Release;
		};
/* End XCConfigurationList section */

/* Begin XCRemoteSwiftPackageReference section */
		8174C3062608FE1C00F450B1 /* XCRemoteSwiftPackageReference "swifter" */ = {
			isa = XCRemoteSwiftPackageReference;
			repositoryURL = "https://github.com/httpswift/swifter.git";
			requirement = {
				kind = upToNextMajorVersion;
				minimumVersion = 1.5.0;
			};
		};
		81A2E8962607EE8800476DC6 /* XCRemoteSwiftPackageReference "AltSign" */ = {
			isa = XCRemoteSwiftPackageReference;
			repositoryURL = "https://github.com/n3d1117/AltSign.git";
			requirement = {
				branch = master;
				kind = branch;
			};
		};
/* End XCRemoteSwiftPackageReference section */

/* Begin XCSwiftPackageProductDependency section */
		8174C3072608FE1C00F450B1 /* Swifter */ = {
			isa = XCSwiftPackageProductDependency;
			package = 8174C3062608FE1C00F450B1 /* XCRemoteSwiftPackageReference "swifter" */;
			productName = Swifter;
		};
		81A2E8972607EE8800476DC6 /* AltSign-Static */ = {
			isa = XCSwiftPackageProductDependency;
			package = 81A2E8962607EE8800476DC6 /* XCRemoteSwiftPackageReference "AltSign" */;
			productName = "AltSign-Static";
		};
/* End XCSwiftPackageProductDependency section */
	};
	rootObject = 8135042426077CBE009F9964 /* Project object */;
}
